// !$*UTF8*$!
{
	archiveVersion = 1;
	classes = {
	};
	objectVersion = 56;
	objects = {

/* Begin PBXBuildFile section */
		5A62D7BE2BC37A8600BBCE5C /* FianalApp.swift in Sources */ = {isa = PBXBuildFile; fileRef = 5A62D7BD2BC37A8600BBCE5C /* FianalApp.swift */; };
		5A62D7C02BC37A8600BBCE5C /* ContentView.swift in Sources */ = {isa = PBXBuildFile; fileRef = 5A62D7BF2BC37A8600BBCE5C /* ContentView.swift */; };
		5A62D7C22BC37A8700BBCE5C /* Assets.xcassets in Resources */ = {isa = PBXBuildFile; fileRef = 5A62D7C12BC37A8700BBCE5C /* Assets.xcassets */; };
		5A62D7C52BC37A8700BBCE5C /* Preview Assets.xcassets in Resources */ = {isa = PBXBuildFile; fileRef = 5A62D7C42BC37A8700BBCE5C /* Preview Assets.xcassets */; };
		5A62D7CF2BC37A8700BBCE5C /* FianalTests.swift in Sources */ = {isa = PBXBuildFile; fileRef = 5A62D7CE2BC37A8700BBCE5C /* FianalTests.swift */; };
		5A62D7D92BC37A8700BBCE5C /* FianalUITests.swift in Sources */ = {isa = PBXBuildFile; fileRef = 5A62D7D82BC37A8700BBCE5C /* FianalUITests.swift */; };
		5A62D7DB2BC37A8700BBCE5C /* FianalUITestsLaunchTests.swift in Sources */ = {isa = PBXBuildFile; fileRef = 5A62D7DA2BC37A8700BBCE5C /* FianalUITestsLaunchTests.swift */; };
		5A62D7E82BC3A4A700BBCE5C /* BoardView.swift in Sources */ = {isa = PBXBuildFile; fileRef = 5A62D7E72BC3A4A700BBCE5C /* BoardView.swift */; };
		5A62D7EC2BC3B25800BBCE5C /* DetailsView.swift in Sources */ = {isa = PBXBuildFile; fileRef = 5A62D7EB2BC3B25800BBCE5C /* DetailsView.swift */; };
		5A8900F42BCE54A900F88EF8 /* NoteView.swift in Sources */ = {isa = PBXBuildFile; fileRef = 5A8900F32BCE54A900F88EF8 /* NoteView.swift */; };
		5AA35BC12BC46CDF0034E6F6 /* ControllerRepresentable.swift in Sources */ = {isa = PBXBuildFile; fileRef = 5AA35BC02BC46CDF0034E6F6 /* ControllerRepresentable.swift */; };
/* End PBXBuildFile section */

/* Begin PBXContainerItemProxy section */
		5A62D7CB2BC37A8700BBCE5C /* PBXContainerItemProxy */ = {
			isa = PBXContainerItemProxy;
			containerPortal = 5A62D7B22BC37A8600BBCE5C /* Project object */;
			proxyType = 1;
			remoteGlobalIDString = 5A62D7B92BC37A8600BBCE5C;
			remoteInfo = Fianal;
		};
		5A62D7D52BC37A8700BBCE5C /* PBXContainerItemProxy */ = {
			isa = PBXContainerItemProxy;
			containerPortal = 5A62D7B22BC37A8600BBCE5C /* Project object */;
			proxyType = 1;
			remoteGlobalIDString = 5A62D7B92BC37A8600BBCE5C;
			remoteInfo = Fianal;
		};
/* End PBXContainerItemProxy section */

/* Begin PBXFileReference section */
		5A62D7BA2BC37A8600BBCE5C /* Fianal.app */ = {isa = PBXFileReference; explicitFileType = wrapper.application; includeInIndex = 0; path = Fianal.app; sourceTree = BUILT_PRODUCTS_DIR; };
		5A62D7BD2BC37A8600BBCE5C /* FianalApp.swift */ = {isa = PBXFileReference; lastKnownFileType = sourcecode.swift; path = FianalApp.swift; sourceTree = "<group>"; };
		5A62D7BF2BC37A8600BBCE5C /* ContentView.swift */ = {isa = PBXFileReference; lastKnownFileType = sourcecode.swift; path = ContentView.swift; sourceTree = "<group>"; };
		5A62D7C12BC37A8700BBCE5C /* Assets.xcassets */ = {isa = PBXFileReference; lastKnownFileType = folder.assetcatalog; path = Assets.xcassets; sourceTree = "<group>"; };
		5A62D7C42BC37A8700BBCE5C /* Preview Assets.xcassets */ = {isa = PBXFileReference; lastKnownFileType = folder.assetcatalog; path = "Preview Assets.xcassets"; sourceTree = "<group>"; };
		5A62D7CA2BC37A8700BBCE5C /* FianalTests.xctest */ = {isa = PBXFileReference; explicitFileType = wrapper.cfbundle; includeInIndex = 0; path = FianalTests.xctest; sourceTree = BUILT_PRODUCTS_DIR; };
		5A62D7CE2BC37A8700BBCE5C /* FianalTests.swift */ = {isa = PBXFileReference; lastKnownFileType = sourcecode.swift; path = FianalTests.swift; sourceTree = "<group>"; };
		5A62D7D42BC37A8700BBCE5C /* FianalUITests.xctest */ = {isa = PBXFileReference; explicitFileType = wrapper.cfbundle; includeInIndex = 0; path = FianalUITests.xctest; sourceTree = BUILT_PRODUCTS_DIR; };
		5A62D7D82BC37A8700BBCE5C /* FianalUITests.swift */ = {isa = PBXFileReference; lastKnownFileType = sourcecode.swift; path = FianalUITests.swift; sourceTree = "<group>"; };
		5A62D7DA2BC37A8700BBCE5C /* FianalUITestsLaunchTests.swift */ = {isa = PBXFileReference; lastKnownFileType = sourcecode.swift; path = FianalUITestsLaunchTests.swift; sourceTree = "<group>"; };
		5A62D7E72BC3A4A700BBCE5C /* BoardView.swift */ = {isa = PBXFileReference; lastKnownFileType = sourcecode.swift; path = BoardView.swift; sourceTree = "<group>"; };
		5A62D7EB2BC3B25800BBCE5C /* DetailsView.swift */ = {isa = PBXFileReference; lastKnownFileType = sourcecode.swift; name = DetailsView.swift; path = ../DetailsView.swift; sourceTree = "<group>"; };
		5A8900F32BCE54A900F88EF8 /* NoteView.swift */ = {isa = PBXFileReference; lastKnownFileType = sourcecode.swift; path = NoteView.swift; sourceTree = "<group>"; };
		5AA35BC02BC46CDF0034E6F6 /* ControllerRepresentable.swift */ = {isa = PBXFileReference; lastKnownFileType = sourcecode.swift; path = ControllerRepresentable.swift; sourceTree = "<group>"; };
/* End PBXFileReference section */

/* Begin PBXFrameworksBuildPhase section */
		5A62D7B72BC37A8600BBCE5C /* Frameworks */ = {
			isa = PBXFrameworksBuildPhase;
			buildActionMask = 2147483647;
			files = (
			);
			runOnlyForDeploymentPostprocessing = 0;
		};
		5A62D7C72BC37A8700BBCE5C /* Frameworks */ = {
			isa = PBXFrameworksBuildPhase;
			buildActionMask = 2147483647;
			files = (
			);
			runOnlyForDeploymentPostprocessing = 0;
		};
		5A62D7D12BC37A8700BBCE5C /* Frameworks */ = {
			isa = PBXFrameworksBuildPhase;
			buildActionMask = 2147483647;
			files = (
			);
			runOnlyForDeploymentPostprocessing = 0;
		};
/* End PBXFrameworksBuildPhase section */

/* Begin PBXGroup section */
		5A62D7B12BC37A8600BBCE5C = {
			isa = PBXGroup;
			children = (
				5A62D7BC2BC37A8600BBCE5C /* Fianal */,
				5A62D7CD2BC37A8700BBCE5C /* FianalTests */,
				5A62D7D72BC37A8700BBCE5C /* FianalUITests */,
				5A62D7BB2BC37A8600BBCE5C /* Products */,
			);
			sourceTree = "<group>";
		};
		5A62D7BB2BC37A8600BBCE5C /* Products */ = {
			isa = PBXGroup;
			children = (
				5A62D7BA2BC37A8600BBCE5C /* Fianal.app */,
				5A62D7CA2BC37A8700BBCE5C /* FianalTests.xctest */,
				5A62D7D42BC37A8700BBCE5C /* FianalUITests.xctest */,
			);
			name = Products;
			sourceTree = "<group>";
		};
		5A62D7BC2BC37A8600BBCE5C /* Fianal */ = {
			isa = PBXGroup;
			children = (
				5A62D7BD2BC37A8600BBCE5C /* FianalApp.swift */,
				5A62D7BF2BC37A8600BBCE5C /* ContentView.swift */,
				5A62D7C12BC37A8700BBCE5C /* Assets.xcassets */,
				5A62D7E72BC3A4A700BBCE5C /* BoardView.swift */,
				5A62D7EB2BC3B25800BBCE5C /* DetailsView.swift */,
				5A8900F32BCE54A900F88EF8 /* NoteView.swift */,
				5AA35BC02BC46CDF0034E6F6 /* ControllerRepresentable.swift */,
				5A62D7C32BC37A8700BBCE5C /* Preview Content */,
			);
			path = Fianal;
			sourceTree = "<group>";
		};
		5A62D7C32BC37A8700BBCE5C /* Preview Content */ = {
			isa = PBXGroup;
			children = (
				5A62D7C42BC37A8700BBCE5C /* Preview Assets.xcassets */,
			);
			path = "Preview Content";
			sourceTree = "<group>";
		};
		5A62D7CD2BC37A8700BBCE5C /* FianalTests */ = {
			isa = PBXGroup;
			children = (
				5A62D7CE2BC37A8700BBCE5C /* FianalTests.swift */,
			);
			path = FianalTests;
			sourceTree = "<group>";
		};
		5A62D7D72BC37A8700BBCE5C /* FianalUITests */ = {
			isa = PBXGroup;
			children = (
				5A62D7D82BC37A8700BBCE5C /* FianalUITests.swift */,
				5A62D7DA2BC37A8700BBCE5C /* FianalUITestsLaunchTests.swift */,
			);
			path = FianalUITests;
			sourceTree = "<group>";
		};
/* End PBXGroup section */

/* Begin PBXNativeTarget section */
		5A62D7B92BC37A8600BBCE5C /* Fianal */ = {
			isa = PBXNativeTarget;
			buildConfigurationList = 5A62D7DE2BC37A8700BBCE5C /* Build configuration list for PBXNativeTarget "Fianal" */;
			buildPhases = (
				5A62D7B62BC37A8600BBCE5C /* Sources */,
				5A62D7B72BC37A8600BBCE5C /* Frameworks */,
				5A62D7B82BC37A8600BBCE5C /* Resources */,
			);
			buildRules = (
			);
			dependencies = (
			);
			name = Fianal;
			productName = Fianal;
			productReference = 5A62D7BA2BC37A8600BBCE5C /* Fianal.app */;
			productType = "com.apple.product-type.application";
		};
		5A62D7C92BC37A8700BBCE5C /* FianalTests */ = {
			isa = PBXNativeTarget;
			buildConfigurationList = 5A62D7E12BC37A8700BBCE5C /* Build configuration list for PBXNativeTarget "FianalTests" */;
			buildPhases = (
				5A62D7C62BC37A8700BBCE5C /* Sources */,
				5A62D7C72BC37A8700BBCE5C /* Frameworks */,
				5A62D7C82BC37A8700BBCE5C /* Resources */,
			);
			buildRules = (
			);
			dependencies = (
				5A62D7CC2BC37A8700BBCE5C /* PBXTargetDependency */,
			);
			name = FianalTests;
			productName = FianalTests;
			productReference = 5A62D7CA2BC37A8700BBCE5C /* FianalTests.xctest */;
			productType = "com.apple.product-type.bundle.unit-test";
		};
		5A62D7D32BC37A8700BBCE5C /* FianalUITests */ = {
			isa = PBXNativeTarget;
			buildConfigurationList = 5A62D7E42BC37A8700BBCE5C /* Build configuration list for PBXNativeTarget "FianalUITests" */;
			buildPhases = (
				5A62D7D02BC37A8700BBCE5C /* Sources */,
				5A62D7D12BC37A8700BBCE5C /* Frameworks */,
				5A62D7D22BC37A8700BBCE5C /* Resources */,
			);
			buildRules = (
			);
			dependencies = (
				5A62D7D62BC37A8700BBCE5C /* PBXTargetDependency */,
			);
			name = FianalUITests;
			productName = FianalUITests;
			productReference = 5A62D7D42BC37A8700BBCE5C /* FianalUITests.xctest */;
			productType = "com.apple.product-type.bundle.ui-testing";
		};
/* End PBXNativeTarget section */

/* Begin PBXProject section */
		5A62D7B22BC37A8600BBCE5C /* Project object */ = {
			isa = PBXProject;
			attributes = {
				BuildIndependentTargetsInParallel = 1;
				LastSwiftUpdateCheck = 1520;
				LastUpgradeCheck = 1520;
				TargetAttributes = {
					5A62D7B92BC37A8600BBCE5C = {
						CreatedOnToolsVersion = 15.2;
					};
					5A62D7C92BC37A8700BBCE5C = {
						CreatedOnToolsVersion = 15.2;
						TestTargetID = 5A62D7B92BC37A8600BBCE5C;
					};
					5A62D7D32BC37A8700BBCE5C = {
						CreatedOnToolsVersion = 15.2;
						TestTargetID = 5A62D7B92BC37A8600BBCE5C;
					};
				};
			};
			buildConfigurationList = 5A62D7B52BC37A8600BBCE5C /* Build configuration list for PBXProject "Fianal" */;
			compatibilityVersion = "Xcode 14.0";
			developmentRegion = en;
			hasScannedForEncodings = 0;
			knownRegions = (
				en,
				Base,
			);
			mainGroup = 5A62D7B12BC37A8600BBCE5C;
			productRefGroup = 5A62D7BB2BC37A8600BBCE5C /* Products */;
			projectDirPath = "";
			projectRoot = "";
			targets = (
				5A62D7B92BC37A8600BBCE5C /* Fianal */,
				5A62D7C92BC37A8700BBCE5C /* FianalTests */,
				5A62D7D32BC37A8700BBCE5C /* FianalUITests */,
			);
		};
/* End PBXProject section */

/* Begin PBXResourcesBuildPhase section */
		5A62D7B82BC37A8600BBCE5C /* Resources */ = {
			isa = PBXResourcesBuildPhase;
			buildActionMask = 2147483647;
			files = (
				5A62D7C52BC37A8700BBCE5C /* Preview Assets.xcassets in Resources */,
				5A62D7C22BC37A8700BBCE5C /* Assets.xcassets in Resources */,
			);
			runOnlyForDeploymentPostprocessing = 0;
		};
		5A62D7C82BC37A8700BBCE5C /* Resources */ = {
			isa = PBXResourcesBuildPhase;
			buildActionMask = 2147483647;
			files = (
			);
			runOnlyForDeploymentPostprocessing = 0;
		};
		5A62D7D22BC37A8700BBCE5C /* Resources */ = {
			isa = PBXResourcesBuildPhase;
			buildActionMask = 2147483647;
			files = (
			);
			runOnlyForDeploymentPostprocessing = 0;
		};
/* End PBXResourcesBuildPhase section */

/* Begin PBXSourcesBuildPhase section */
		5A62D7B62BC37A8600BBCE5C /* Sources */ = {
			isa = PBXSourcesBuildPhase;
			buildActionMask = 2147483647;
			files = (
				5A62D7E82BC3A4A700BBCE5C /* BoardView.swift in Sources */,
				5A62D7EC2BC3B25800BBCE5C /* DetailsView.swift in Sources */,
				5A8900F42BCE54A900F88EF8 /* NoteView.swift in Sources */,
				5AA35BC12BC46CDF0034E6F6 /* ControllerRepresentable.swift in Sources */,
				5A62D7C02BC37A8600BBCE5C /* ContentView.swift in Sources */,
				5A62D7BE2BC37A8600BBCE5C /* FianalApp.swift in Sources */,
			);
			runOnlyForDeploymentPostprocessing = 0;
		};
		5A62D7C62BC37A8700BBCE5C /* Sources */ = {
			isa = PBXSourcesBuildPhase;
			buildActionMask = 2147483647;
			files = (
				5A62D7CF2BC37A8700BBCE5C /* FianalTests.swift in Sources */,
			);
			runOnlyForDeploymentPostprocessing = 0;
		};
		5A62D7D02BC37A8700BBCE5C /* Sources */ = {
			isa = PBXSourcesBuildPhase;
			buildActionMask = 2147483647;
			files = (
				5A62D7D92BC37A8700BBCE5C /* FianalUITests.swift in Sources */,
				5A62D7DB2BC37A8700BBCE5C /* FianalUITestsLaunchTests.swift in Sources */,
			);
			runOnlyForDeploymentPostprocessing = 0;
		};
/* End PBXSourcesBuildPhase section */

/* Begin PBXTargetDependency section */
		5A62D7CC2BC37A8700BBCE5C /* PBXTargetDependency */ = {
			isa = PBXTargetDependency;
			target = 5A62D7B92BC37A8600BBCE5C /* Fianal */;
			targetProxy = 5A62D7CB2BC37A8700BBCE5C /* PBXContainerItemProxy */;
		};
		5A62D7D62BC37A8700BBCE5C /* PBXTargetDependency */ = {
			isa = PBXTargetDependency;
			target = 5A62D7B92BC37A8600BBCE5C /* Fianal */;
			targetProxy = 5A62D7D52BC37A8700BBCE5C /* PBXContainerItemProxy */;
		};
/* End PBXTargetDependency section */

/* Begin XCBuildConfiguration section */
		5A62D7DC2BC37A8700BBCE5C /* Debug */ = {
			isa = XCBuildConfiguration;
			buildSettings = {
				ALWAYS_SEARCH_USER_PATHS = NO;
				ASSETCATALOG_COMPILER_GENERATE_SWIFT_ASSET_SYMBOL_EXTENSIONS = YES;
				CLANG_ANALYZER_NONNULL = YES;
				CLANG_ANALYZER_NUMBER_OBJECT_CONVERSION = YES_AGGRESSIVE;
				CLANG_CXX_LANGUAGE_STANDARD = "gnu++20";
				CLANG_ENABLE_MODULES = YES;
				CLANG_ENABLE_OBJC_ARC = YES;
				CLANG_ENABLE_OBJC_WEAK = YES;
				CLANG_WARN_BLOCK_CAPTURE_AUTORELEASING = YES;
				CLANG_WARN_BOOL_CONVERSION = YES;
				CLANG_WARN_COMMA = YES;
				CLANG_WARN_CONSTANT_CONVERSION = YES;
				CLANG_WARN_DEPRECATED_OBJC_IMPLEMENTATIONS = YES;
				CLANG_WARN_DIRECT_OBJC_ISA_USAGE = YES_ERROR;
				CLANG_WARN_DOCUMENTATION_COMMENTS = YES;
				CLANG_WARN_EMPTY_BODY = YES;
				CLANG_WARN_ENUM_CONVERSION = YES;
				CLANG_WARN_INFINITE_RECURSION = YES;
				CLANG_WARN_INT_CONVERSION = YES;
				CLANG_WARN_NON_LITERAL_NULL_CONVERSION = YES;
				CLANG_WARN_OBJC_IMPLICIT_RETAIN_SELF = YES;
				CLANG_WARN_OBJC_LITERAL_CONVERSION = YES;
				CLANG_WARN_OBJC_ROOT_CLASS = YES_ERROR;
				CLANG_WARN_QUOTED_INCLUDE_IN_FRAMEWORK_HEADER = YES;
				CLANG_WARN_RANGE_LOOP_ANALYSIS = YES;
				CLANG_WARN_STRICT_PROTOTYPES = YES;
				CLANG_WARN_SUSPICIOUS_MOVE = YES;
				CLANG_WARN_UNGUARDED_AVAILABILITY = YES_AGGRESSIVE;
				CLANG_WARN_UNREACHABLE_CODE = YES;
				CLANG_WARN__DUPLICATE_METHOD_MATCH = YES;
				COPY_PHASE_STRIP = NO;
				DEBUG_INFORMATION_FORMAT = dwarf;
				ENABLE_STRICT_OBJC_MSGSEND = YES;
				ENABLE_TESTABILITY = YES;
				ENABLE_USER_SCRIPT_SANDBOXING = YES;
				GCC_C_LANGUAGE_STANDARD = gnu17;
				GCC_DYNAMIC_NO_PIC = NO;
				GCC_NO_COMMON_BLOCKS = YES;
				GCC_OPTIMIZATION_LEVEL = 0;
				GCC_PREPROCESSOR_DEFINITIONS = (
					"DEBUG=1",
					"$(inherited)",
				);
				GCC_WARN_64_TO_32_BIT_CONVERSION = YES;
				GCC_WARN_ABOUT_RETURN_TYPE = YES_ERROR;
				GCC_WARN_UNDECLARED_SELECTOR = YES;
				GCC_WARN_UNINITIALIZED_AUTOS = YES_AGGRESSIVE;
				GCC_WARN_UNUSED_FUNCTION = YES;
				GCC_WARN_UNUSED_VARIABLE = YES;
				IPHONEOS_DEPLOYMENT_TARGET = 17.2;
				LOCALIZATION_PREFERS_STRING_CATALOGS = YES;
				MTL_ENABLE_DEBUG_INFO = INCLUDE_SOURCE;
				MTL_FAST_MATH = YES;
				ONLY_ACTIVE_ARCH = YES;
				SDKROOT = iphoneos;
				SWIFT_ACTIVE_COMPILATION_CONDITIONS = "DEBUG $(inherited)";
				SWIFT_OPTIMIZATION_LEVEL = "-Onone";
			};
			name = Debug;
		};
		5A62D7DD2BC37A8700BBCE5C /* Release */ = {
			isa = XCBuildConfiguration;
			buildSettings = {
				ALWAYS_SEARCH_USER_PATHS = NO;
				ASSETCATALOG_COMPILER_GENERATE_SWIFT_ASSET_SYMBOL_EXTENSIONS = YES;
				CLANG_ANALYZER_NONNULL = YES;
				CLANG_ANALYZER_NUMBER_OBJECT_CONVERSION = YES_AGGRESSIVE;
				CLANG_CXX_LANGUAGE_STANDARD = "gnu++20";
				CLANG_ENABLE_MODULES = YES;
				CLANG_ENABLE_OBJC_ARC = YES;
				CLANG_ENABLE_OBJC_WEAK = YES;
				CLANG_WARN_BLOCK_CAPTURE_AUTORELEASING = YES;
				CLANG_WARN_BOOL_CONVERSION = YES;
				CLANG_WARN_COMMA = YES;
				CLANG_WARN_CONSTANT_CONVERSION = YES;
				CLANG_WARN_DEPRECATED_OBJC_IMPLEMENTATIONS = YES;
				CLANG_WARN_DIRECT_OBJC_ISA_USAGE = YES_ERROR;
				CLANG_WARN_DOCUMENTATION_COMMENTS = YES;
				CLANG_WARN_EMPTY_BODY = YES;
				CLANG_WARN_ENUM_CONVERSION = YES;
				CLANG_WARN_INFINITE_RECURSION = YES;
				CLANG_WARN_INT_CONVERSION = YES;
				CLANG_WARN_NON_LITERAL_NULL_CONVERSION = YES;
				CLANG_WARN_OBJC_IMPLICIT_RETAIN_SELF = YES;
				CLANG_WARN_OBJC_LITERAL_CONVERSION = YES;
				CLANG_WARN_OBJC_ROOT_CLASS = YES_ERROR;
				CLANG_WARN_QUOTED_INCLUDE_IN_FRAMEWORK_HEADER = YES;
				CLANG_WARN_RANGE_LOOP_ANALYSIS = YES;
				CLANG_WARN_STRICT_PROTOTYPES = YES;
				CLANG_WARN_SUSPICIOUS_MOVE = YES;
				CLANG_WARN_UNGUARDED_AVAILABILITY = YES_AGGRESSIVE;
				CLANG_WARN_UNREACHABLE_CODE = YES;
				CLANG_WARN__DUPLICATE_METHOD_MATCH = YES;
				COPY_PHASE_STRIP = NO;
				DEBUG_INFORMATION_FORMAT = "dwarf-with-dsym";
				ENABLE_NS_ASSERTIONS = NO;
				ENABLE_STRICT_OBJC_MSGSEND = YES;
				ENABLE_USER_SCRIPT_SANDBOXING = YES;
				GCC_C_LANGUAGE_STANDARD = gnu17;
				GCC_NO_COMMON_BLOCKS = YES;
				GCC_WARN_64_TO_32_BIT_CONVERSION = YES;
				GCC_WARN_ABOUT_RETURN_TYPE = YES_ERROR;
				GCC_WARN_UNDECLARED_SELECTOR = YES;
				GCC_WARN_UNINITIALIZED_AUTOS = YES_AGGRESSIVE;
				GCC_WARN_UNUSED_FUNCTION = YES;
				GCC_WARN_UNUSED_VARIABLE = YES;
				IPHONEOS_DEPLOYMENT_TARGET = 17.2;
				LOCALIZATION_PREFERS_STRING_CATALOGS = YES;
				MTL_ENABLE_DEBUG_INFO = NO;
				MTL_FAST_MATH = YES;
				SDKROOT = iphoneos;
				SWIFT_COMPILATION_MODE = wholemodule;
				VALIDATE_PRODUCT = YES;
			};
			name = Release;
		};
		5A62D7DF2BC37A8700BBCE5C /* Debug */ = {
			isa = XCBuildConfiguration;
			buildSettings = {
				ASSETCATALOG_COMPILER_APPICON_NAME = AppIcon;
				ASSETCATALOG_COMPILER_GLOBAL_ACCENT_COLOR_NAME = AccentColor;
				CODE_SIGN_STYLE = Automatic;
				CURRENT_PROJECT_VERSION = 1;
				DEVELOPMENT_ASSET_PATHS = "\"Fianal/Preview Content\"";
				ENABLE_PREVIEWS = YES;
				GENERATE_INFOPLIST_FILE = YES;
				INFOPLIST_KEY_UIApplicationSceneManifest_Generation = YES;
				INFOPLIST_KEY_UIApplicationSupportsIndirectInputEvents = YES;
				INFOPLIST_KEY_UILaunchScreen_Generation = YES;
				INFOPLIST_KEY_UISupportedInterfaceOrientations_iPad = "UIInterfaceOrientationPortrait UIInterfaceOrientationPortraitUpsideDown UIInterfaceOrientationLandscapeLeft UIInterfaceOrientationLandscapeRight";
				INFOPLIST_KEY_UISupportedInterfaceOrientations_iPhone = "UIInterfaceOrientationPortrait UIInterfaceOrientationLandscapeLeft UIInterfaceOrientationLandscapeRight";
				LD_RUNPATH_SEARCH_PATHS = (
					"$(inherited)",
					"@executable_path/Frameworks",
				);
				MARKETING_VERSION = 1.0;
				PRODUCT_BUNDLE_IDENTIFIER = fa.Fianal;
				PRODUCT_NAME = "$(TARGET_NAME)";
				SWIFT_EMIT_LOC_STRINGS = YES;
				SWIFT_VERSION = 5.0;
				TARGETED_DEVICE_FAMILY = "1,2";
			};
			name = Debug;
		};
		5A62D7E02BC37A8700BBCE5C /* Release */ = {
			isa = XCBuildConfiguration;
			buildSettings = {
				ASSETCATALOG_COMPILER_APPICON_NAME = AppIcon;
				ASSETCATALOG_COMPILER_GLOBAL_ACCENT_COLOR_NAME = AccentColor;
				CODE_SIGN_STYLE = Automatic;
				CURRENT_PROJECT_VERSION = 1;
				DEVELOPMENT_ASSET_PATHS = "\"Fianal/Preview Content\"";
				ENABLE_PREVIEWS = YES;
				GENERATE_INFOPLIST_FILE = YES;
				INFOPLIST_KEY_UIApplicationSceneManifest_Generation = YES;
				INFOPLIST_KEY_UIApplicationSupportsIndirectInputEvents = YES;
				INFOPLIST_KEY_UILaunchScreen_Generation = YES;
				INFOPLIST_KEY_UISupportedInterfaceOrientations_iPad = "UIInterfaceOrientationPortrait UIInterfaceOrientationPortraitUpsideDown UIInterfaceOrientationLandscapeLeft UIInterfaceOrientationLandscapeRight";
				INFOPLIST_KEY_UISupportedInterfaceOrientations_iPhone = "UIInterfaceOrientationPortrait UIInterfaceOrientationLandscapeLeft UIInterfaceOrientationLandscapeRight";
				LD_RUNPATH_SEARCH_PATHS = (
					"$(inherited)",
					"@executable_path/Frameworks",
				);
				MARKETING_VERSION = 1.0;
				PRODUCT_BUNDLE_IDENTIFIER = fa.Fianal;
				PRODUCT_NAME = "$(TARGET_NAME)";
				SWIFT_EMIT_LOC_STRINGS = YES;
				SWIFT_VERSION = 5.0;
				TARGETED_DEVICE_FAMILY = "1,2";
			};
			name = Release;
		};
		5A62D7E22BC37A8700BBCE5C /* Debug */ = {
			isa = XCBuildConfiguration;
			buildSettings = {
				ALWAYS_EMBED_SWIFT_STANDARD_LIBRARIES = YES;
				BUNDLE_LOADER = "$(TEST_HOST)";
				CODE_SIGN_STYLE = Automatic;
				CURRENT_PROJECT_VERSION = 1;
				GENERATE_INFOPLIST_FILE = YES;
				IPHONEOS_DEPLOYMENT_TARGET = 17.2;
				MARKETING_VERSION = 1.0;
				PRODUCT_BUNDLE_IDENTIFIER = fa.FianalTests;
				PRODUCT_NAME = "$(TARGET_NAME)";
				SWIFT_EMIT_LOC_STRINGS = NO;
				SWIFT_VERSION = 5.0;
				TARGETED_DEVICE_FAMILY = "1,2";
				TEST_HOST = "$(BUILT_PRODUCTS_DIR)/Fianal.app/$(BUNDLE_EXECUTABLE_FOLDER_PATH)/Fianal";
			};
			name = Debug;
		};
		5A62D7E32BC37A8700BBCE5C /* Release */ = {
			isa = XCBuildConfiguration;
			buildSettings = {
				ALWAYS_EMBED_SWIFT_STANDARD_LIBRARIES = YES;
				BUNDLE_LOADER = "$(TEST_HOST)";
				CODE_SIGN_STYLE = Automatic;
				CURRENT_PROJECT_VERSION = 1;
				GENERATE_INFOPLIST_FILE = YES;
				IPHONEOS_DEPLOYMENT_TARGET = 17.2;
				MARKETING_VERSION = 1.0;
				PRODUCT_BUNDLE_IDENTIFIER = fa.FianalTests;
				PRODUCT_NAME = "$(TARGET_NAME)";
				SWIFT_EMIT_LOC_STRINGS = NO;
				SWIFT_VERSION = 5.0;
				TARGETED_DEVICE_FAMILY = "1,2";
				TEST_HOST = "$(BUILT_PRODUCTS_DIR)/Fianal.app/$(BUNDLE_EXECUTABLE_FOLDER_PATH)/Fianal";
			};
			name = Release;
		};
		5A62D7E52BC37A8700BBCE5C /* Debug */ = {
			isa = XCBuildConfiguration;
			buildSettings = {
				ALWAYS_EMBED_SWIFT_STANDARD_LIBRARIES = YES;
				CODE_SIGN_STYLE = Automatic;
				CURRENT_PROJECT_VERSION = 1;
				GENERATE_INFOPLIST_FILE = YES;
				MARKETING_VERSION = 1.0;
				PRODUCT_BUNDLE_IDENTIFIER = fa.FianalUITests;
				PRODUCT_NAME = "$(TARGET_NAME)";
				SWIFT_EMIT_LOC_STRINGS = NO;
				SWIFT_VERSION = 5.0;
				TARGETED_DEVICE_FAMILY = "1,2";
				TEST_TARGET_NAME = Fianal;
			};
			name = Debug;
		};
		5A62D7E62BC37A8700BBCE5C /* Release */ = {
			isa = XCBuildConfiguration;
			buildSettings = {
				ALWAYS_EMBED_SWIFT_STANDARD_LIBRARIES = YES;
				CODE_SIGN_STYLE = Automatic;
				CURRENT_PROJECT_VERSION = 1;
				GENERATE_INFOPLIST_FILE = YES;
				MARKETING_VERSION = 1.0;
				PRODUCT_BUNDLE_IDENTIFIER = fa.FianalUITests;
				PRODUCT_NAME = "$(TARGET_NAME)";
				SWIFT_EMIT_LOC_STRINGS = NO;
				SWIFT_VERSION = 5.0;
				TARGETED_DEVICE_FAMILY = "1,2";
				TEST_TARGET_NAME = Fianal;
			};
			name = Release;
		};
/* End XCBuildConfiguration section */

/* Begin XCConfigurationList section */
		5A62D7B52BC37A8600BBCE5C /* Build configuration list for PBXProject "Fianal" */ = {
			isa = XCConfigurationList;
			buildConfigurations = (
				5A62D7DC2BC37A8700BBCE5C /* Debug */,
				5A62D7DD2BC37A8700BBCE5C /* Release */,
			);
			defaultConfigurationIsVisible = 0;
			defaultConfigurationName = Release;
		};
		5A62D7DE2BC37A8700BBCE5C /* Build configuration list for PBXNativeTarget "Fianal" */ = {
			isa = XCConfigurationList;
			buildConfigurations = (
				5A62D7DF2BC37A8700BBCE5C /* Debug */,
				5A62D7E02BC37A8700BBCE5C /* Release */,
			);
			defaultConfigurationIsVisible = 0;
			defaultConfigurationName = Release;
		};
		5A62D7E12BC37A8700BBCE5C /* Build configuration list for PBXNativeTarget "FianalTests" */ = {
			isa = XCConfigurationList;
			buildConfigurations = (
				5A62D7E22BC37A8700BBCE5C /* Debug */,
				5A62D7E32BC37A8700BBCE5C /* Release */,
			);
			defaultConfigurationIsVisible = 0;
			defaultConfigurationName = Release;
		};
		5A62D7E42BC37A8700BBCE5C /* Build configuration list for PBXNativeTarget "FianalUITests" */ = {
			isa = XCConfigurationList;
			buildConfigurations = (
				5A62D7E52BC37A8700BBCE5C /* Debug */,
				5A62D7E62BC37A8700BBCE5C /* Release */,
			);
			defaultConfigurationIsVisible = 0;
			defaultConfigurationName = Release;
		};
/* End XCConfigurationList section */
	};
	rootObject = 5A62D7B22BC37A8600BBCE5C /* Project object */;
}
